Microsoft Visual Studio Solution File, Format Version 12.00
# Visual Studio 15
VisualStudioVersion = 15.0.27130.2010
MinimumVisualStudioVersion = 10.0.40219.1
Project("{8BC9CEB8-8B4A-11D0-8D11-00A0C91BC942}") = "MarvieControl", "MarvieControl.vcxproj", "{B12702AD-ABFB-343A-A199-8E24837244A3}"
EndProject
Project("{8BC9CEB8-8B4A-11D0-8D11-00A0C91BC942}") = "MLinkClientTest", "Tests\MLinkClientTest\MLinkClientTest.vcxproj", "{72C8FB8E-E86E-43A0-A527-85BDE765733A}"
EndProject
Project("{8BC9CEB8-8B4A-11D0-8D11-00A0C91BC942}") = "FirmwareUpdater", "FirmwareUpdater\FirmwareUpdater.vcxproj", "{B74176EB-8BEE-4BB5-BB0F-0375CA0E06E8}"
EndProject
Global
	GlobalSection(SolutionConfigurationPlatforms) = preSolution
		Debug|x64 = Debug|x64
		Debug|x86 = Debug|x86
		Release|x64 = Release|x64
		Release|x86 = Release|x86
	EndGlobalSection
	GlobalSection(ProjectConfigurationPlatforms) = postSolution
		{B12702AD-ABFB-343A-A199-8E24837244A3}.Debug|x64.ActiveCfg = Debug|x64
		{B12702AD-ABFB-343A-A199-8E24837244A3}.Debug|x64.Build.0 = Debug|x64
		{B12702AD-ABFB-343A-A199-8E24837244A3}.Debug|x64.Deploy.0 = Debug|x64
		{B12702AD-ABFB-343A-A199-8E24837244A3}.Debug|x86.ActiveCfg = Debug|Win32
		{B12702AD-ABFB-343A-A199-8E24837244A3}.Debug|x86.Build.0 = Debug|Win32
		{B12702AD-ABFB-343A-A199-8E24837244A3}.Release|x64.ActiveCfg = Release|x64
		{B12702AD-ABFB-343A-A199-8E24837244A3}.Release|x64.Build.0 = Release|x64
		{B12702AD-ABFB-343A-A199-8E24837244A3}.Release|x64.Deploy.0 = Release|x64
		{B12702AD-ABFB-343A-A199-8E24837244A3}.Release|x86.ActiveCfg = Release|Win32
		{B12702AD-ABFB-343A-A199-8E24837244A3}.Release|x86.Build.0 = Release|Win32
		{72C8FB8E-E86E-43A0-A527-85BDE765733A}.Debug|x64.ActiveCfg = Debug|x64
		{72C8FB8E-E86E-43A0-A527-85BDE765733A}.Debug|x64.Deploy.0 = Debug|x64
		{72C8FB8E-E86E-43A0-A527-85BDE765733A}.Debug|x86.ActiveCfg = Debug|x64
		{72C8FB8E-E86E-43A0-A527-85BDE765733A}.Release|x64.ActiveCfg = Release|x64
		{72C8FB8E-E86E-43A0-A527-85BDE765733A}.Release|x64.Deploy.0 = Release|x64
		{72C8FB8E-E86E-43A0-A527-85BDE765733A}.Release|x86.ActiveCfg = Release|x64
		{B74176EB-8BEE-4BB5-BB0F-0375CA0E06E8}.Debug|x64.ActiveCfg = Debug|x64
		{B74176EB-8BEE-4BB5-BB0F-0375CA0E06E8}.Debug|x64.Build.0 = Debug|x64
		{B74176EB-8BEE-4BB5-BB0F-0375CA0E06E8}.Debug|x64.Deploy.0 = Debug|x64
		{B74176EB-8BEE-4BB5-BB0F-0375CA0E06E8}.Debug|x86.ActiveCfg = Debug|x64
		{B74176EB-8BEE-4BB5-BB0F-0375CA0E06E8}.Release|x64.ActiveCfg = Release|x64
		{B74176EB-8BEE-4BB5-BB0F-0375CA0E06E8}.Release|x64.Build.0 = Release|x64
		{B74176EB-8BEE-4BB5-BB0F-0375CA0E06E8}.Release|x64.Deploy.0 = Release|x64
		{B74176EB-8BEE-4BB5-BB0F-0375CA0E06E8}.Release|x86.ActiveCfg = Release|x64
	EndGlobalSection
	GlobalSection(SolutionProperties) = preSolution
		HideSolutionNode = FALSE
	EndGlobalSection
	GlobalSection(ExtensibilityGlobals) = postSolution
		SolutionGuid = {B812BCAB-BAD8-4311-802D-2F88E8317005}
	EndGlobalSection
EndGlobal
